
Microsoft Visual Studio Solution File, Format Version 12.00
# Visual Studio Version 17
VisualStudioVersion = 17.11.35327.3
MinimumVisualStudioVersion = 10.0.40219.1
Project("{FAE04EC0-301F-11D3-BF4B-00C04F79EFBC}") = "FluentUiBlazorMdiSvgIcons", "FluentUiBlazorMdiSvgIcons\FluentUiBlazorMdiSvgIcons.csproj", "{8F2FCBFA-61DA-42DB-93D7-83E5AEB37039}"
EndProject
Project("{FAE04EC0-301F-11D3-BF4B-00C04F79EFBC}") = "Generater", "Generater\Generater.csproj", "{27683A6D-393F-4927-9ACF-22976FC69B01}"
EndProject
Project("{FAE04EC0-301F-11D3-BF4B-00C04F79EFBC}") = "TestProject", "TestProject\TestProject.csproj", "{D73551B6-E93F-4306-97C3-AAED2720AE99}"
EndProject
Global
	GlobalSection(SolutionConfigurationPlatforms) = preSolution
		Debug|Any CPU = Debug|Any CPU
		Release|Any CPU = Release|Any CPU
	EndGlobalSection
	GlobalSection(ProjectConfigurationPlatforms) = postSolution
		{8F2FCBFA-61DA-42DB-93D7-83E5AEB37039}.Debug|Any CPU.ActiveCfg = Debug|Any CPU
		{8F2FCBFA-61DA-42DB-93D7-83E5AEB37039}.Debug|Any CPU.Build.0 = Debug|Any CPU
		{8F2FCBFA-61DA-42DB-93D7-83E5AEB37039}.Release|Any CPU.ActiveCfg = Release|Any CPU
		{8F2FCBFA-61DA-42DB-93D7-83E5AEB37039}.Release|Any CPU.Build.0 = Release|Any CPU
		{27683A6D-393F-4927-9ACF-22976FC69B01}.Debug|Any CPU.ActiveCfg = Debug|Any CPU
		{27683A6D-393F-4927-9ACF-22976FC69B01}.Debug|Any CPU.Build.0 = Debug|Any CPU
		{27683A6D-393F-4927-9ACF-22976FC69B01}.Release|Any CPU.ActiveCfg = Release|Any CPU
		{27683A6D-393F-4927-9ACF-22976FC69B01}.Release|Any CPU.Build.0 = Release|Any CPU
		{D73551B6-E93F-4306-97C3-AAED2720AE99}.Debug|Any CPU.ActiveCfg = Debug|Any CPU
		{D73551B6-E93F-4306-97C3-AAED2720AE99}.Debug|Any CPU.Build.0 = Debug|Any CPU
		{D73551B6-E93F-4306-97C3-AAED2720AE99}.Release|Any CPU.ActiveCfg = Release|Any CPU
		{D73551B6-E93F-4306-97C3-AAED2720AE99}.Release|Any CPU.Build.0 = Release|Any CPU
	EndGlobalSection
	GlobalSection(SolutionProperties) = preSolution
		HideSolutionNode = FALSE
	EndGlobalSection
	GlobalSection(ExtensibilityGlobals) = postSolution
		SolutionGuid = {5F0056A1-67B5-48A9-BB95-7A3BFC433CE0}
	EndGlobalSection
EndGlobal
